
Microsoft Visual Studio Solution File, Format Version 12.00
# Visual Studio 15
VisualStudioVersion = 15.0.26403.3
MinimumVisualStudioVersion = 10.0.40219.1
Project("{FAE04EC0-301F-11D3-BF4B-00C04F79EFBC}") = "MvcMovie", "MvcMovie\MvcMovie.csproj", "{1CE8F02B-9836-4007-9C9C-74AA75715BCD}"
EndProject
Project("{2150E333-8FDC-42A3-9474-1A3956D46DE8}") = "Client", "Client", "{B8167E22-6787-4CFE-BD61-3628876831EA}"
EndProject
Project("{2150E333-8FDC-42A3-9474-1A3956D46DE8}") = "Web", "Web", "{220CDD31-7E7C-47EB-ADDC-4BE44B21888E}"
EndProject
Project("{FAE04EC0-301F-11D3-BF4B-00C04F79EFBC}") = "MyMovies.Client.Android", "MyMovies.Client\MyMovies.Client.Android\MyMovies.Client.Android.csproj", "{3E00E97A-7905-4FFE-93D0-7260B7E17F31}"
EndProject
Project("{FAE04EC0-301F-11D3-BF4B-00C04F79EFBC}") = "MyMovies.Client", "MyMovies.Client\MyMovies.Client\MyMovies.Client.csproj", "{5EBAA4C8-5987-4860-BD60-ECE86A27029F}"
EndProject
Project("{FAE04EC0-301F-11D3-BF4B-00C04F79EFBC}") = "MyMovies.Client.UWP", "MyMovies.Client\MyMovies.Client.UWP\MyMovies.Client.UWP.csproj", "{E1BBED91-A500-4E47-8AB3-F7D3FBA5246C}"
EndProject
Project("{FAE04EC0-301F-11D3-BF4B-00C04F79EFBC}") = "MyMovies.Client.iOS", "MyMovies.Client\MyMovies.Client.iOS\MyMovies.Client.iOS.csproj", "{022AE913-4AC9-4CF3-8F54-DEDF863E6B44}"
EndProject
Global
	GlobalSection(SolutionConfigurationPlatforms) = preSolution
		Ad-Hoc|Any CPU = Ad-Hoc|Any CPU
		Ad-Hoc|ARM = Ad-Hoc|ARM
		Ad-Hoc|iPhone = Ad-Hoc|iPhone
		Ad-Hoc|iPhoneSimulator = Ad-Hoc|iPhoneSimulator
		Ad-Hoc|x64 = Ad-Hoc|x64
		Ad-Hoc|x86 = Ad-Hoc|x86
		AppStore|Any CPU = AppStore|Any CPU
		AppStore|ARM = AppStore|ARM
		AppStore|iPhone = AppStore|iPhone
		AppStore|iPhoneSimulator = AppStore|iPhoneSimulator
		AppStore|x64 = AppStore|x64
		AppStore|x86 = AppStore|x86
		Debug|Any CPU = Debug|Any CPU
		Debug|ARM = Debug|ARM
		Debug|iPhone = Debug|iPhone
		Debug|iPhoneSimulator = Debug|iPhoneSimulator
		Debug|x64 = Debug|x64
		Debug|x86 = Debug|x86
		Release|Any CPU = Release|Any CPU
		Release|ARM = Release|ARM
		Release|iPhone = Release|iPhone
		Release|iPhoneSimulator = Release|iPhoneSimulator
		Release|x64 = Release|x64
		Release|x86 = Release|x86
	EndGlobalSection
	GlobalSection(ProjectConfigurationPlatforms) = postSolution
		{1CE8F02B-9836-4007-9C9C-74AA75715BCD}.Ad-Hoc|Any CPU.ActiveCfg = Release|Any CPU
		{1CE8F02B-9836-4007-9C9C-74AA75715BCD}.Ad-Hoc|Any CPU.Build.0 = Release|Any CPU
		{1CE8F02B-9836-4007-9C9C-74AA75715BCD}.Ad-Hoc|ARM.ActiveCfg = Release|Any CPU
		{1CE8F02B-9836-4007-9C9C-74AA75715BCD}.Ad-Hoc|ARM.Build.0 = Release|Any CPU
		{1CE8F02B-9836-4007-9C9C-74AA75715BCD}.Ad-Hoc|iPhone.ActiveCfg = Release|Any CPU
		{1CE8F02B-9836-4007-9C9C-74AA75715BCD}.Ad-Hoc|iPhone.Build.0 = Release|Any CPU
		{1CE8F02B-9836-4007-9C9C-74AA75715BCD}.Ad-Hoc|iPhoneSimulator.ActiveCfg = Release|Any CPU
		{1CE8F02B-9836-4007-9C9C-74AA75715BCD}.Ad-Hoc|iPhoneSimulator.Build.0 = Release|Any CPU
		{1CE8F02B-9836-4007-9C9C-74AA75715BCD}.Ad-Hoc|x64.ActiveCfg = Release|Any CPU
		{1CE8F02B-9836-4007-9C9C-74AA75715BCD}.Ad-Hoc|x64.Build.0 = Release|Any CPU
		{1CE8F02B-9836-4007-9C9C-74AA75715BCD}.Ad-Hoc|x86.ActiveCfg = Release|Any CPU
		{1CE8F02B-9836-4007-9C9C-74AA75715BCD}.Ad-Hoc|x86.Build.0 = Release|Any CPU
		{1CE8F02B-9836-4007-9C9C-74AA75715BCD}.AppStore|Any CPU.ActiveCfg = Release|Any CPU
		{1CE8F02B-9836-4007-9C9C-74AA75715BCD}.AppStore|Any CPU.Build.0 = Release|Any CPU
		{1CE8F02B-9836-4007-9C9C-74AA75715BCD}.AppStore|ARM.ActiveCfg = Release|Any CPU
		{1CE8F02B-9836-4007-9C9C-74AA75715BCD}.AppStore|ARM.Build.0 = Release|Any CPU
		{1CE8F02B-9836-4007-9C9C-74AA75715BCD}.AppStore|iPhone.ActiveCfg = Release|Any CPU
		{1CE8F02B-9836-4007-9C9C-74AA75715BCD}.AppStore|iPhone.Build.0 = Release|Any CPU
		{1CE8F02B-9836-4007-9C9C-74AA75715BCD}.AppStore|iPhoneSimulator.ActiveCfg = Release|Any CPU
		{1CE8F02B-9836-4007-9C9C-74AA75715BCD}.AppStore|iPhoneSimulator.Build.0 = Release|Any CPU
		{1CE8F02B-9836-4007-9C9C-74AA75715BCD}.AppStore|x64.ActiveCfg = Release|Any CPU
		{1CE8F02B-9836-4007-9C9C-74AA75715BCD}.AppStore|x64.Build.0 = Release|Any CPU
		{1CE8F02B-9836-4007-9C9C-74AA75715BCD}.AppStore|x86.ActiveCfg = Release|Any CPU
		{1CE8F02B-9836-4007-9C9C-74AA75715BCD}.AppStore|x86.Build.0 = Release|Any CPU
		{1CE8F02B-9836-4007-9C9C-74AA75715BCD}.Debug|Any CPU.ActiveCfg = Debug|Any CPU
		{1CE8F02B-9836-4007-9C9C-74AA75715BCD}.Debug|Any CPU.Build.0 = Debug|Any CPU
		{1CE8F02B-9836-4007-9C9C-74AA75715BCD}.Debug|ARM.ActiveCfg = Debug|Any CPU
		{1CE8F02B-9836-4007-9C9C-74AA75715BCD}.Debug|ARM.Build.0 = Debug|Any CPU
		{1CE8F02B-9836-4007-9C9C-74AA75715BCD}.Debug|iPhone.ActiveCfg = Debug|Any CPU
		{1CE8F02B-9836-4007-9C9C-74AA75715BCD}.Debug|iPhone.Build.0 = Debug|Any CPU
		{1CE8F02B-9836-4007-9C9C-74AA75715BCD}.Debug|iPhoneSimulator.ActiveCfg = Debug|Any CPU
		{1CE8F02B-9836-4007-9C9C-74AA75715BCD}.Debug|iPhoneSimulator.Build.0 = Debug|Any CPU
		{1CE8F02B-9836-4007-9C9C-74AA75715BCD}.Debug|x64.ActiveCfg = Debug|Any CPU
		{1CE8F02B-9836-4007-9C9C-74AA75715BCD}.Debug|x64.Build.0 = Debug|Any CPU
		{1CE8F02B-9836-4007-9C9C-74AA75715BCD}.Debug|x86.ActiveCfg = Debug|Any CPU
		{1CE8F02B-9836-4007-9C9C-74AA75715BCD}.Debug|x86.Build.0 = Debug|Any CPU
		{1CE8F02B-9836-4007-9C9C-74AA75715BCD}.Release|Any CPU.ActiveCfg = Release|Any CPU
		{1CE8F02B-9836-4007-9C9C-74AA75715BCD}.Release|Any CPU.Build.0 = Release|Any CPU
		{1CE8F02B-9836-4007-9C9C-74AA75715BCD}.Release|ARM.ActiveCfg = Release|Any CPU
		{1CE8F02B-9836-4007-9C9C-74AA75715BCD}.Release|ARM.Build.0 = Release|Any CPU
		{1CE8F02B-9836-4007-9C9C-74AA75715BCD}.Release|iPhone.ActiveCfg = Release|Any CPU
		{1CE8F02B-9836-4007-9C9C-74AA75715BCD}.Release|iPhone.Build.0 = Release|Any CPU
		{1CE8F02B-9836-4007-9C9C-74AA75715BCD}.Release|iPhoneSimulator.ActiveCfg = Release|Any CPU
		{1CE8F02B-9836-4007-9C9C-74AA75715BCD}.Release|iPhoneSimulator.Build.0 = Release|Any CPU
		{1CE8F02B-9836-4007-9C9C-74AA75715BCD}.Release|x64.ActiveCfg = Release|Any CPU
		{1CE8F02B-9836-4007-9C9C-74AA75715BCD}.Release|x64.Build.0 = Release|Any CPU
		{1CE8F02B-9836-4007-9C9C-74AA75715BCD}.Release|x86.ActiveCfg = Release|Any CPU
		{1CE8F02B-9836-4007-9C9C-74AA75715BCD}.Release|x86.Build.0 = Release|Any CPU
		{3E00E97A-7905-4FFE-93D0-7260B7E17F31}.Ad-Hoc|Any CPU.ActiveCfg = Release|Any CPU
		{3E00E97A-7905-4FFE-93D0-7260B7E17F31}.Ad-Hoc|Any CPU.Build.0 = Release|Any CPU
		{3E00E97A-7905-4FFE-93D0-7260B7E17F31}.Ad-Hoc|Any CPU.Deploy.0 = Release|Any CPU
		{3E00E97A-7905-4FFE-93D0-7260B7E17F31}.Ad-Hoc|ARM.ActiveCfg = Release|Any CPU
		{3E00E97A-7905-4FFE-93D0-7260B7E17F31}.Ad-Hoc|ARM.Build.0 = Release|Any CPU
		{3E00E97A-7905-4FFE-93D0-7260B7E17F31}.Ad-Hoc|ARM.Deploy.0 = Release|Any CPU
		{3E00E97A-7905-4FFE-93D0-7260B7E17F31}.Ad-Hoc|iPhone.ActiveCfg = Release|Any CPU
		{3E00E97A-7905-4FFE-93D0-7260B7E17F31}.Ad-Hoc|iPhone.Build.0 = Release|Any CPU
		{3E00E97A-7905-4FFE-93D0-7260B7E17F31}.Ad-Hoc|iPhone.Deploy.0 = Release|Any CPU
		{3E00E97A-7905-4FFE-93D0-7260B7E17F31}.Ad-Hoc|iPhoneSimulator.ActiveCfg = Release|Any CPU
		{3E00E97A-7905-4FFE-93D0-7260B7E17F31}.Ad-Hoc|iPhoneSimulator.Build.0 = Release|Any CPU
		{3E00E97A-7905-4FFE-93D0-7260B7E17F31}.Ad-Hoc|iPhoneSimulator.Deploy.0 = Release|Any CPU
		{3E00E97A-7905-4FFE-93D0-7260B7E17F31}.Ad-Hoc|x64.ActiveCfg = Release|Any CPU
		{3E00E97A-7905-4FFE-93D0-7260B7E17F31}.Ad-Hoc|x64.Build.0 = Release|Any CPU
		{3E00E97A-7905-4FFE-93D0-7260B7E17F31}.Ad-Hoc|x64.Deploy.0 = Release|Any CPU
		{3E00E97A-7905-4FFE-93D0-7260B7E17F31}.Ad-Hoc|x86.ActiveCfg = Release|Any CPU
		{3E00E97A-7905-4FFE-93D0-7260B7E17F31}.Ad-Hoc|x86.Build.0 = Release|Any CPU
		{3E00E97A-7905-4FFE-93D0-7260B7E17F31}.Ad-Hoc|x86.Deploy.0 = Release|Any CPU
		{3E00E97A-7905-4FFE-93D0-7260B7E17F31}.AppStore|Any CPU.ActiveCfg = Release|Any CPU
		{3E00E97A-7905-4FFE-93D0-7260B7E17F31}.AppStore|Any CPU.Build.0 = Release|Any CPU
		{3E00E97A-7905-4FFE-93D0-7260B7E17F31}.AppStore|Any CPU.Deploy.0 = Release|Any CPU
		{3E00E97A-7905-4FFE-93D0-7260B7E17F31}.AppStore|ARM.ActiveCfg = Release|Any CPU
		{3E00E97A-7905-4FFE-93D0-7260B7E17F31}.AppStore|ARM.Build.0 = Release|Any CPU
		{3E00E97A-7905-4FFE-93D0-7260B7E17F31}.AppStore|ARM.Deploy.0 = Release|Any CPU
		{3E00E97A-7905-4FFE-93D0-7260B7E17F31}.AppStore|iPhone.ActiveCfg = Release|Any CPU
		{3E00E97A-7905-4FFE-93D0-7260B7E17F31}.AppStore|iPhone.Build.0 = Release|Any CPU
		{3E00E97A-7905-4FFE-93D0-7260B7E17F31}.AppStore|iPhone.Deploy.0 = Release|Any CPU
		{3E00E97A-7905-4FFE-93D0-7260B7E17F31}.AppStore|iPhoneSimulator.ActiveCfg = Release|Any CPU
		{3E00E97A-7905-4FFE-93D0-7260B7E17F31}.AppStore|iPhoneSimulator.Build.0 = Release|Any CPU
		{3E00E97A-7905-4FFE-93D0-7260B7E17F31}.AppStore|iPhoneSimulator.Deploy.0 = Release|Any CPU
		{3E00E97A-7905-4FFE-93D0-7260B7E17F31}.AppStore|x64.ActiveCfg = Release|Any CPU
		{3E00E97A-7905-4FFE-93D0-7260B7E17F31}.AppStore|x64.Build.0 = Release|Any CPU
		{3E00E97A-7905-4FFE-93D0-7260B7E17F31}.AppStore|x64.Deploy.0 = Release|Any CPU
		{3E00E97A-7905-4FFE-93D0-7260B7E17F31}.AppStore|x86.ActiveCfg = Release|Any CPU
		{3E00E97A-7905-4FFE-93D0-7260B7E17F31}.AppStore|x86.Build.0 = Release|Any CPU
		{3E00E97A-7905-4FFE-93D0-7260B7E17F31}.AppStore|x86.Deploy.0 = Release|Any CPU
		{3E00E97A-7905-4FFE-93D0-7260B7E17F31}.Debug|Any CPU.ActiveCfg = Debug|Any CPU
		{3E00E97A-7905-4FFE-93D0-7260B7E17F31}.Debug|Any CPU.Build.0 = Debug|Any CPU
		{3E00E97A-7905-4FFE-93D0-7260B7E17F31}.Debug|Any CPU.Deploy.0 = Debug|Any CPU
		{3E00E97A-7905-4FFE-93D0-7260B7E17F31}.Debug|ARM.ActiveCfg = Debug|Any CPU
		{3E00E97A-7905-4FFE-93D0-7260B7E17F31}.Debug|ARM.Build.0 = Debug|Any CPU
		{3E00E97A-7905-4FFE-93D0-7260B7E17F31}.Debug|ARM.Deploy.0 = Debug|Any CPU
		{3E00E97A-7905-4FFE-93D0-7260B7E17F31}.Debug|iPhone.ActiveCfg = Debug|Any CPU
		{3E00E97A-7905-4FFE-93D0-7260B7E17F31}.Debug|iPhone.Build.0 = Debug|Any CPU
		{3E00E97A-7905-4FFE-93D0-7260B7E17F31}.Debug|iPhone.Deploy.0 = Debug|Any CPU
		{3E00E97A-7905-4FFE-93D0-7260B7E17F31}.Debug|iPhoneSimulator.ActiveCfg = Debug|Any CPU
		{3E00E97A-7905-4FFE-93D0-7260B7E17F31}.Debug|iPhoneSimulator.Build.0 = Debug|Any CPU
		{3E00E97A-7905-4FFE-93D0-7260B7E17F31}.Debug|iPhoneSimulator.Deploy.0 = Debug|Any CPU
		{3E00E97A-7905-4FFE-93D0-7260B7E17F31}.Debug|x64.ActiveCfg = Debug|Any CPU
		{3E00E97A-7905-4FFE-93D0-7260B7E17F31}.Debug|x64.Build.0 = Debug|Any CPU
		{3E00E97A-7905-4FFE-93D0-7260B7E17F31}.Debug|x64.Deploy.0 = Debug|Any CPU
		{3E00E97A-7905-4FFE-93D0-7260B7E17F31}.Debug|x86.ActiveCfg = Debug|Any CPU
		{3E00E97A-7905-4FFE-93D0-7260B7E17F31}.Debug|x86.Build.0 = Debug|Any CPU
		{3E00E97A-7905-4FFE-93D0-7260B7E17F31}.Debug|x86.Deploy.0 = Debug|Any CPU
		{3E00E97A-7905-4FFE-93D0-7260B7E17F31}.Release|Any CPU.ActiveCfg = Release|Any CPU
		{3E00E97A-7905-4FFE-93D0-7260B7E17F31}.Release|Any CPU.Build.0 = Release|Any CPU
		{3E00E97A-7905-4FFE-93D0-7260B7E17F31}.Release|Any CPU.Deploy.0 = Release|Any CPU
		{3E00E97A-7905-4FFE-93D0-7260B7E17F31}.Release|ARM.ActiveCfg = Release|Any CPU
		{3E00E97A-7905-4FFE-93D0-7260B7E17F31}.Release|ARM.Build.0 = Release|Any CPU
		{3E00E97A-7905-4FFE-93D0-7260B7E17F31}.Release|ARM.Deploy.0 = Release|Any CPU
		{3E00E97A-7905-4FFE-93D0-7260B7E17F31}.Release|iPhone.ActiveCfg = Release|Any CPU
		{3E00E97A-7905-4FFE-93D0-7260B7E17F31}.Release|iPhone.Build.0 = Release|Any CPU
		{3E00E97A-7905-4FFE-93D0-7260B7E17F31}.Release|iPhone.Deploy.0 = Release|Any CPU
		{3E00E97A-7905-4FFE-93D0-7260B7E17F31}.Release|iPhoneSimulator.ActiveCfg = Release|Any CPU
		{3E00E97A-7905-4FFE-93D0-7260B7E17F31}.Release|iPhoneSimulator.Build.0 = Release|Any CPU
		{3E00E97A-7905-4FFE-93D0-7260B7E17F31}.Release|iPhoneSimulator.Deploy.0 = Release|Any CPU
		{3E00E97A-7905-4FFE-93D0-7260B7E17F31}.Release|x64.ActiveCfg = Release|Any CPU
		{3E00E97A-7905-4FFE-93D0-7260B7E17F31}.Release|x64.Build.0 = Release|Any CPU
		{3E00E97A-7905-4FFE-93D0-7260B7E17F31}.Release|x64.Deploy.0 = Release|Any CPU
		{3E00E97A-7905-4FFE-93D0-7260B7E17F31}.Release|x86.ActiveCfg = Release|Any CPU
		{3E00E97A-7905-4FFE-93D0-7260B7E17F31}.Release|x86.Build.0 = Release|Any CPU
		{3E00E97A-7905-4FFE-93D0-7260B7E17F31}.Release|x86.Deploy.0 = Release|Any CPU
		{5EBAA4C8-5987-4860-BD60-ECE86A27029F}.Ad-Hoc|Any CPU.ActiveCfg = Release|Any CPU
		{5EBAA4C8-5987-4860-BD60-ECE86A27029F}.Ad-Hoc|Any CPU.Build.0 = Release|Any CPU
		{5EBAA4C8-5987-4860-BD60-ECE86A27029F}.Ad-Hoc|ARM.ActiveCfg = Release|Any CPU
		{5EBAA4C8-5987-4860-BD60-ECE86A27029F}.Ad-Hoc|ARM.Build.0 = Release|Any CPU
		{5EBAA4C8-5987-4860-BD60-ECE86A27029F}.Ad-Hoc|iPhone.ActiveCfg = Release|Any CPU
		{5EBAA4C8-5987-4860-BD60-ECE86A27029F}.Ad-Hoc|iPhone.Build.0 = Release|Any CPU
		{5EBAA4C8-5987-4860-BD60-ECE86A27029F}.Ad-Hoc|iPhoneSimulator.ActiveCfg = Release|Any CPU
		{5EBAA4C8-5987-4860-BD60-ECE86A27029F}.Ad-Hoc|iPhoneSimulator.Build.0 = Release|Any CPU
		{5EBAA4C8-5987-4860-BD60-ECE86A27029F}.Ad-Hoc|x64.ActiveCfg = Release|Any CPU
		{5EBAA4C8-5987-4860-BD60-ECE86A27029F}.Ad-Hoc|x64.Build.0 = Release|Any CPU
		{5EBAA4C8-5987-4860-BD60-ECE86A27029F}.Ad-Hoc|x86.ActiveCfg = Release|Any CPU
		{5EBAA4C8-5987-4860-BD60-ECE86A27029F}.Ad-Hoc|x86.Build.0 = Release|Any CPU
		{5EBAA4C8-5987-4860-BD60-ECE86A27029F}.AppStore|Any CPU.ActiveCfg = Release|Any CPU
		{5EBAA4C8-5987-4860-BD60-ECE86A27029F}.AppStore|Any CPU.Build.0 = Release|Any CPU
		{5EBAA4C8-5987-4860-BD60-ECE86A27029F}.AppStore|ARM.ActiveCfg = Release|Any CPU
		{5EBAA4C8-5987-4860-BD60-ECE86A27029F}.AppStore|ARM.Build.0 = Release|Any CPU
		{5EBAA4C8-5987-4860-BD60-ECE86A27029F}.AppStore|iPhone.ActiveCfg = Release|Any CPU
		{5EBAA4C8-5987-4860-BD60-ECE86A27029F}.AppStore|iPhone.Build.0 = Release|Any CPU
		{5EBAA4C8-5987-4860-BD60-ECE86A27029F}.AppStore|iPhoneSimulator.ActiveCfg = Release|Any CPU
		{5EBAA4C8-5987-4860-BD60-ECE86A27029F}.AppStore|iPhoneSimulator.Build.0 = Release|Any CPU
		{5EBAA4C8-5987-4860-BD60-ECE86A27029F}.AppStore|x64.ActiveCfg = Release|Any CPU
		{5EBAA4C8-5987-4860-BD60-ECE86A27029F}.AppStore|x64.Build.0 = Release|Any CPU
		{5EBAA4C8-5987-4860-BD60-ECE86A27029F}.AppStore|x86.ActiveCfg = Release|Any CPU
		{5EBAA4C8-5987-4860-BD60-ECE86A27029F}.AppStore|x86.Build.0 = Release|Any CPU
		{5EBAA4C8-5987-4860-BD60-ECE86A27029F}.Debug|Any CPU.ActiveCfg = Debug|Any CPU
		{5EBAA4C8-5987-4860-BD60-ECE86A27029F}.Debug|Any CPU.Build.0 = Debug|Any CPU
		{5EBAA4C8-5987-4860-BD60-ECE86A27029F}.Debug|ARM.ActiveCfg = Debug|Any CPU
		{5EBAA4C8-5987-4860-BD60-ECE86A27029F}.Debug|ARM.Build.0 = Debug|Any CPU
		{5EBAA4C8-5987-4860-BD60-ECE86A27029F}.Debug|iPhone.ActiveCfg = Debug|Any CPU
		{5EBAA4C8-5987-4860-BD60-ECE86A27029F}.Debug|iPhone.Build.0 = Debug|Any CPU
		{5EBAA4C8-5987-4860-BD60-ECE86A27029F}.Debug|iPhoneSimulator.ActiveCfg = Debug|Any CPU
		{5EBAA4C8-5987-4860-BD60-ECE86A27029F}.Debug|iPhoneSimulator.Build.0 = Debug|Any CPU
		{5EBAA4C8-5987-4860-BD60-ECE86A27029F}.Debug|x64.ActiveCfg = Debug|Any CPU
		{5EBAA4C8-5987-4860-BD60-ECE86A27029F}.Debug|x64.Build.0 = Debug|Any CPU
		{5EBAA4C8-5987-4860-BD60-ECE86A27029F}.Debug|x86.ActiveCfg = Debug|Any CPU
		{5EBAA4C8-5987-4860-BD60-ECE86A27029F}.Debug|x86.Build.0 = Debug|Any CPU
		{5EBAA4C8-5987-4860-BD60-ECE86A27029F}.Release|Any CPU.ActiveCfg = Release|Any CPU
		{5EBAA4C8-5987-4860-BD60-ECE86A27029F}.Release|Any CPU.Build.0 = Release|Any CPU
		{5EBAA4C8-5987-4860-BD60-ECE86A27029F}.Release|ARM.ActiveCfg = Release|Any CPU
		{5EBAA4C8-5987-4860-BD60-ECE86A27029F}.Release|ARM.Build.0 = Release|Any CPU
		{5EBAA4C8-5987-4860-BD60-ECE86A27029F}.Release|iPhone.ActiveCfg = Release|Any CPU
		{5EBAA4C8-5987-4860-BD60-ECE86A27029F}.Release|iPhone.Build.0 = Release|Any CPU
		{5EBAA4C8-5987-4860-BD60-ECE86A27029F}.Release|iPhoneSimulator.ActiveCfg = Release|Any CPU
		{5EBAA4C8-5987-4860-BD60-ECE86A27029F}.Release|iPhoneSimulator.Build.0 = Release|Any CPU
		{5EBAA4C8-5987-4860-BD60-ECE86A27029F}.Release|x64.ActiveCfg = Release|Any CPU
		{5EBAA4C8-5987-4860-BD60-ECE86A27029F}.Release|x64.Build.0 = Release|Any CPU
		{5EBAA4C8-5987-4860-BD60-ECE86A27029F}.Release|x86.ActiveCfg = Release|Any CPU
		{5EBAA4C8-5987-4860-BD60-ECE86A27029F}.Release|x86.Build.0 = Release|Any CPU
		{E1BBED91-A500-4E47-8AB3-F7D3FBA5246C}.Ad-Hoc|Any CPU.ActiveCfg = Release|x86
		{E1BBED91-A500-4E47-8AB3-F7D3FBA5246C}.Ad-Hoc|Any CPU.Build.0 = Release|x86
		{E1BBED91-A500-4E47-8AB3-F7D3FBA5246C}.Ad-Hoc|Any CPU.Deploy.0 = Release|x86
		{E1BBED91-A500-4E47-8AB3-F7D3FBA5246C}.Ad-Hoc|ARM.ActiveCfg = Release|ARM
		{E1BBED91-A500-4E47-8AB3-F7D3FBA5246C}.Ad-Hoc|ARM.Build.0 = Release|ARM
		{E1BBED91-A500-4E47-8AB3-F7D3FBA5246C}.Ad-Hoc|ARM.Deploy.0 = Release|ARM
		{E1BBED91-A500-4E47-8AB3-F7D3FBA5246C}.Ad-Hoc|iPhone.ActiveCfg = Release|x86
		{E1BBED91-A500-4E47-8AB3-F7D3FBA5246C}.Ad-Hoc|iPhone.Build.0 = Release|x86
		{E1BBED91-A500-4E47-8AB3-F7D3FBA5246C}.Ad-Hoc|iPhone.Deploy.0 = Release|x86
		{E1BBED91-A500-4E47-8AB3-F7D3FBA5246C}.Ad-Hoc|iPhoneSimulator.ActiveCfg = Release|x86
		{E1BBED91-A500-4E47-8AB3-F7D3FBA5246C}.Ad-Hoc|iPhoneSimulator.Build.0 = Release|x86
		{E1BBED91-A500-4E47-8AB3-F7D3FBA5246C}.Ad-Hoc|iPhoneSimulator.Deploy.0 = Release|x86
		{E1BBED91-A500-4E47-8AB3-F7D3FBA5246C}.Ad-Hoc|x64.ActiveCfg = Release|x64
		{E1BBED91-A500-4E47-8AB3-F7D3FBA5246C}.Ad-Hoc|x64.Build.0 = Release|x64
		{E1BBED91-A500-4E47-8AB3-F7D3FBA5246C}.Ad-Hoc|x64.Deploy.0 = Release|x64
		{E1BBED91-A500-4E47-8AB3-F7D3FBA5246C}.Ad-Hoc|x86.ActiveCfg = Release|x86
		{E1BBED91-A500-4E47-8AB3-F7D3FBA5246C}.Ad-Hoc|x86.Build.0 = Release|x86
		{E1BBED91-A500-4E47-8AB3-F7D3FBA5246C}.Ad-Hoc|x86.Deploy.0 = Release|x86
		{E1BBED91-A500-4E47-8AB3-F7D3FBA5246C}.AppStore|Any CPU.ActiveCfg = Release|x86
		{E1BBED91-A500-4E47-8AB3-F7D3FBA5246C}.AppStore|Any CPU.Build.0 = Release|x86
		{E1BBED91-A500-4E47-8AB3-F7D3FBA5246C}.AppStore|Any CPU.Deploy.0 = Release|x86
		{E1BBED91-A500-4E47-8AB3-F7D3FBA5246C}.AppStore|ARM.ActiveCfg = Release|ARM
		{E1BBED91-A500-4E47-8AB3-F7D3FBA5246C}.AppStore|ARM.Build.0 = Release|ARM
		{E1BBED91-A500-4E47-8AB3-F7D3FBA5246C}.AppStore|ARM.Deploy.0 = Release|ARM
		{E1BBED91-A500-4E47-8AB3-F7D3FBA5246C}.AppStore|iPhone.ActiveCfg = Release|x86
		{E1BBED91-A500-4E47-8AB3-F7D3FBA5246C}.AppStore|iPhone.Build.0 = Release|x86
		{E1BBED91-A500-4E47-8AB3-F7D3FBA5246C}.AppStore|iPhone.Deploy.0 = Release|x86
		{E1BBED91-A500-4E47-8AB3-F7D3FBA5246C}.AppStore|iPhoneSimulator.ActiveCfg = Release|x86
		{E1BBED91-A500-4E47-8AB3-F7D3FBA5246C}.AppStore|iPhoneSimulator.Build.0 = Release|x86
		{E1BBED91-A500-4E47-8AB3-F7D3FBA5246C}.AppStore|iPhoneSimulator.Deploy.0 = Release|x86
		{E1BBED91-A500-4E47-8AB3-F7D3FBA5246C}.AppStore|x64.ActiveCfg = Release|x64
		{E1BBED91-A500-4E47-8AB3-F7D3FBA5246C}.AppStore|x64.Build.0 = Release|x64
		{E1BBED91-A500-4E47-8AB3-F7D3FBA5246C}.AppStore|x64.Deploy.0 = Release|x64
		{E1BBED91-A500-4E47-8AB3-F7D3FBA5246C}.AppStore|x86.ActiveCfg = Release|x86
		{E1BBED91-A500-4E47-8AB3-F7D3FBA5246C}.AppStore|x86.Build.0 = Release|x86
		{E1BBED91-A500-4E47-8AB3-F7D3FBA5246C}.AppStore|x86.Deploy.0 = Release|x86
		{E1BBED91-A500-4E47-8AB3-F7D3FBA5246C}.Debug|Any CPU.ActiveCfg = Debug|x86
		{E1BBED91-A500-4E47-8AB3-F7D3FBA5246C}.Debug|ARM.ActiveCfg = Debug|ARM
		{E1BBED91-A500-4E47-8AB3-F7D3FBA5246C}.Debug|ARM.Build.0 = Debug|ARM
		{E1BBED91-A500-4E47-8AB3-F7D3FBA5246C}.Debug|ARM.Deploy.0 = Debug|ARM
		{E1BBED91-A500-4E47-8AB3-F7D3FBA5246C}.Debug|iPhone.ActiveCfg = Debug|x86
		{E1BBED91-A500-4E47-8AB3-F7D3FBA5246C}.Debug|iPhoneSimulator.ActiveCfg = Debug|x86
		{E1BBED91-A500-4E47-8AB3-F7D3FBA5246C}.Debug|x64.ActiveCfg = Debug|x64
		{E1BBED91-A500-4E47-8AB3-F7D3FBA5246C}.Debug|x64.Build.0 = Debug|x64
		{E1BBED91-A500-4E47-8AB3-F7D3FBA5246C}.Debug|x64.Deploy.0 = Debug|x64
		{E1BBED91-A500-4E47-8AB3-F7D3FBA5246C}.Debug|x86.ActiveCfg = Debug|x86
		{E1BBED91-A500-4E47-8AB3-F7D3FBA5246C}.Debug|x86.Build.0 = Debug|x86
		{E1BBED91-A500-4E47-8AB3-F7D3FBA5246C}.Debug|x86.Deploy.0 = Debug|x86
		{E1BBED91-A500-4E47-8AB3-F7D3FBA5246C}.Release|Any CPU.ActiveCfg = Release|x86
		{E1BBED91-A500-4E47-8AB3-F7D3FBA5246C}.Release|ARM.ActiveCfg = Release|ARM
		{E1BBED91-A500-4E47-8AB3-F7D3FBA5246C}.Release|ARM.Build.0 = Release|ARM
		{E1BBED91-A500-4E47-8AB3-F7D3FBA5246C}.Release|ARM.Deploy.0 = Release|ARM
		{E1BBED91-A500-4E47-8AB3-F7D3FBA5246C}.Release|iPhone.ActiveCfg = Release|x86
		{E1BBED91-A500-4E47-8AB3-F7D3FBA5246C}.Release|iPhoneSimulator.ActiveCfg = Release|x86
		{E1BBED91-A500-4E47-8AB3-F7D3FBA5246C}.Release|x64.ActiveCfg = Release|x64
		{E1BBED91-A500-4E47-8AB3-F7D3FBA5246C}.Release|x64.Build.0 = Release|x64
		{E1BBED91-A500-4E47-8AB3-F7D3FBA5246C}.Release|x64.Deploy.0 = Release|x64
		{E1BBED91-A500-4E47-8AB3-F7D3FBA5246C}.Release|x86.ActiveCfg = Release|x86
		{E1BBED91-A500-4E47-8AB3-F7D3FBA5246C}.Release|x86.Build.0 = Release|x86
		{E1BBED91-A500-4E47-8AB3-F7D3FBA5246C}.Release|x86.Deploy.0 = Release|x86
		{022AE913-4AC9-4CF3-8F54-DEDF863E6B44}.Ad-Hoc|Any CPU.ActiveCfg = Ad-Hoc|iPhone
		{022AE913-4AC9-4CF3-8F54-DEDF863E6B44}.Ad-Hoc|ARM.ActiveCfg = Ad-Hoc|iPhone
		{022AE913-4AC9-4CF3-8F54-DEDF863E6B44}.Ad-Hoc|iPhone.ActiveCfg = Ad-Hoc|iPhone
		{022AE913-4AC9-4CF3-8F54-DEDF863E6B44}.Ad-Hoc|iPhone.Build.0 = Ad-Hoc|iPhone
		{022AE913-4AC9-4CF3-8F54-DEDF863E6B44}.Ad-Hoc|iPhoneSimulator.ActiveCfg = Ad-Hoc|iPhoneSimulator
		{022AE913-4AC9-4CF3-8F54-DEDF863E6B44}.Ad-Hoc|iPhoneSimulator.Build.0 = Ad-Hoc|iPhoneSimulator
		{022AE913-4AC9-4CF3-8F54-DEDF863E6B44}.Ad-Hoc|x64.ActiveCfg = Ad-Hoc|iPhone
		{022AE913-4AC9-4CF3-8F54-DEDF863E6B44}.Ad-Hoc|x86.ActiveCfg = Ad-Hoc|iPhone
		{022AE913-4AC9-4CF3-8F54-DEDF863E6B44}.AppStore|Any CPU.ActiveCfg = AppStore|iPhone
		{022AE913-4AC9-4CF3-8F54-DEDF863E6B44}.AppStore|ARM.ActiveCfg = AppStore|iPhone
		{022AE913-4AC9-4CF3-8F54-DEDF863E6B44}.AppStore|iPhone.ActiveCfg = AppStore|iPhone
		{022AE913-4AC9-4CF3-8F54-DEDF863E6B44}.AppStore|iPhone.Build.0 = AppStore|iPhone
		{022AE913-4AC9-4CF3-8F54-DEDF863E6B44}.AppStore|iPhoneSimulator.ActiveCfg = AppStore|iPhoneSimulator
		{022AE913-4AC9-4CF3-8F54-DEDF863E6B44}.AppStore|iPhoneSimulator.Build.0 = AppStore|iPhoneSimulator
		{022AE913-4AC9-4CF3-8F54-DEDF863E6B44}.AppStore|x64.ActiveCfg = AppStore|iPhone
		{022AE913-4AC9-4CF3-8F54-DEDF863E6B44}.AppStore|x86.ActiveCfg = AppStore|iPhone
		{022AE913-4AC9-4CF3-8F54-DEDF863E6B44}.Debug|Any CPU.ActiveCfg = Debug|iPhone
		{022AE913-4AC9-4CF3-8F54-DEDF863E6B44}.Debug|ARM.ActiveCfg = Debug|iPhone
		{022AE913-4AC9-4CF3-8F54-DEDF863E6B44}.Debug|iPhone.ActiveCfg = Debug|iPhone
		{022AE913-4AC9-4CF3-8F54-DEDF863E6B44}.Debug|iPhone.Build.0 = Debug|iPhone
		{022AE913-4AC9-4CF3-8F54-DEDF863E6B44}.Debug|iPhoneSimulator.ActiveCfg = Debug|iPhoneSimulator
		{022AE913-4AC9-4CF3-8F54-DEDF863E6B44}.Debug|iPhoneSimulator.Build.0 = Debug|iPhoneSimulator
		{022AE913-4AC9-4CF3-8F54-DEDF863E6B44}.Debug|x64.ActiveCfg = Debug|iPhone
		{022AE913-4AC9-4CF3-8F54-DEDF863E6B44}.Debug|x86.ActiveCfg = Debug|iPhone
		{022AE913-4AC9-4CF3-8F54-DEDF863E6B44}.Release|Any CPU.ActiveCfg = Release|iPhone
		{022AE913-4AC9-4CF3-8F54-DEDF863E6B44}.Release|ARM.ActiveCfg = Release|iPhone
		{022AE913-4AC9-4CF3-8F54-DEDF863E6B44}.Release|iPhone.ActiveCfg = Release|iPhone
		{022AE913-4AC9-4CF3-8F54-DEDF863E6B44}.Release|iPhone.Build.0 = Release|iPhone
		{022AE913-4AC9-4CF3-8F54-DEDF863E6B44}.Release|iPhoneSimulator.ActiveCfg = Release|iPhoneSimulator
		{022AE913-4AC9-4CF3-8F54-DEDF863E6B44}.Release|iPhoneSimulator.Build.0 = Release|iPhoneSimulator
		{022AE913-4AC9-4CF3-8F54-DEDF863E6B44}.Release|x64.ActiveCfg = Release|iPhone
		{022AE913-4AC9-4CF3-8F54-DEDF863E6B44}.Release|x86.ActiveCfg = Release|iPhone
	EndGlobalSection
	GlobalSection(SolutionProperties) = preSolution
		HideSolutionNode = FALSE
	EndGlobalSection
	GlobalSection(NestedProjects) = preSolution
		{1CE8F02B-9836-4007-9C9C-74AA75715BCD} = {220CDD31-7E7C-47EB-ADDC-4BE44B21888E}
		{3E00E97A-7905-4FFE-93D0-7260B7E17F31} = {B8167E22-6787-4CFE-BD61-3628876831EA}
		{5EBAA4C8-5987-4860-BD60-ECE86A27029F} = {B8167E22-6787-4CFE-BD61-3628876831EA}
		{E1BBED91-A500-4E47-8AB3-F7D3FBA5246C} = {B8167E22-6787-4CFE-BD61-3628876831EA}
		{022AE913-4AC9-4CF3-8F54-DEDF863E6B44} = {B8167E22-6787-4CFE-BD61-3628876831EA}
	EndGlobalSection
EndGlobal
